
Microsoft Visual Studio Solution File, Format Version 12.00
# Visual Studio Version 16
VisualStudioVersion = 16.0.31911.196
MinimumVisualStudioVersion = 10.0.40219.1
Project("{9A19103F-16F7-4668-BE54-9A1E7A4F7556}") = "Joy.TS.Api", "Joy.TS.Api.csproj", "{0B1B6330-F057-4231-812A-55C814FA2150}"
EndProject
Project("{9A19103F-16F7-4668-BE54-9A1E7A4F7556}") = "Joy.TS.BAL", "..\Joy.TS.BAL\Joy.TS.BAL.csproj", "{F6F0FA38-4EFC-4878-8768-98CCB288707D}"
EndProject
Project("{9A19103F-16F7-4668-BE54-9A1E7A4F7556}") = "Joy.TS.DAL", "..\Joy.TS.DAL\Joy.TS.DAL.csproj", "{6FBBA3C0-80B6-41EB-B426-BFE5E33138AA}"
EndProject
Project("{9A19103F-16F7-4668-BE54-9A1E7A4F7556}") = "Joy.TS.Common", "..\Joy.TS.Common\Joy.TS.Common.csproj", "{DBFD0859-FF66-44E7-AD74-D6135D5C90A9}"
EndProject
Project("{9A19103F-16F7-4668-BE54-9A1E7A4F7556}") = "Joy.TS.Migrator", "..\Joy.TS.Migrator\Joy.TS.Migrator.csproj", "{3D99A424-751A-432E-81D1-42B1B2A30ACB}"
EndProject
Project("{9A19103F-16F7-4668-BE54-9A1E7A4F7556}") = "Joy.TS.Utilities", "..\Joy.TS.Utilities\Joy.TS.Utilities.csproj", "{6DA203D3-93FD-4537-BDB5-CF16CCDA3A8F}"
EndProject
Global
	GlobalSection(SolutionConfigurationPlatforms) = preSolution
		Debug|Any CPU = Debug|Any CPU
		Release|Any CPU = Release|Any CPU
	EndGlobalSection
	GlobalSection(ProjectConfigurationPlatforms) = postSolution
		{0B1B6330-F057-4231-812A-55C814FA2150}.Debug|Any CPU.ActiveCfg = Debug|Any CPU
		{0B1B6330-F057-4231-812A-55C814FA2150}.Debug|Any CPU.Build.0 = Debug|Any CPU
		{0B1B6330-F057-4231-812A-55C814FA2150}.Release|Any CPU.ActiveCfg = Release|Any CPU
		{0B1B6330-F057-4231-812A-55C814FA2150}.Release|Any CPU.Build.0 = Release|Any CPU
		{F6F0FA38-4EFC-4878-8768-98CCB288707D}.Debug|Any CPU.ActiveCfg = Debug|Any CPU
		{F6F0FA38-4EFC-4878-8768-98CCB288707D}.Debug|Any CPU.Build.0 = Debug|Any CPU
		{F6F0FA38-4EFC-4878-8768-98CCB288707D}.Release|Any CPU.ActiveCfg = Release|Any CPU
		{F6F0FA38-4EFC-4878-8768-98CCB288707D}.Release|Any CPU.Build.0 = Release|Any CPU
		{6FBBA3C0-80B6-41EB-B426-BFE5E33138AA}.Debug|Any CPU.ActiveCfg = Debug|Any CPU
		{6FBBA3C0-80B6-41EB-B426-BFE5E33138AA}.Debug|Any CPU.Build.0 = Debug|Any CPU
		{6FBBA3C0-80B6-41EB-B426-BFE5E33138AA}.Release|Any CPU.ActiveCfg = Release|Any CPU
		{6FBBA3C0-80B6-41EB-B426-BFE5E33138AA}.Release|Any CPU.Build.0 = Release|Any CPU
		{DBFD0859-FF66-44E7-AD74-D6135D5C90A9}.Debug|Any CPU.ActiveCfg = Debug|Any CPU
		{DBFD0859-FF66-44E7-AD74-D6135D5C90A9}.Debug|Any CPU.Build.0 = Debug|Any CPU
		{DBFD0859-FF66-44E7-AD74-D6135D5C90A9}.Release|Any CPU.ActiveCfg = Release|Any CPU
		{DBFD0859-FF66-44E7-AD74-D6135D5C90A9}.Release|Any CPU.Build.0 = Release|Any CPU
		{3D99A424-751A-432E-81D1-42B1B2A30ACB}.Debug|Any CPU.ActiveCfg = Debug|Any CPU
		{3D99A424-751A-432E-81D1-42B1B2A30ACB}.Debug|Any CPU.Build.0 = Debug|Any CPU
		{3D99A424-751A-432E-81D1-42B1B2A30ACB}.Release|Any CPU.ActiveCfg = Release|Any CPU
		{3D99A424-751A-432E-81D1-42B1B2A30ACB}.Release|Any CPU.Build.0 = Release|Any CPU
		{6DA203D3-93FD-4537-BDB5-CF16CCDA3A8F}.Debug|Any CPU.ActiveCfg = Debug|Any CPU
		{6DA203D3-93FD-4537-BDB5-CF16CCDA3A8F}.Debug|Any CPU.Build.0 = Debug|Any CPU
		{6DA203D3-93FD-4537-BDB5-CF16CCDA3A8F}.Release|Any CPU.ActiveCfg = Release|Any CPU
		{6DA203D3-93FD-4537-BDB5-CF16CCDA3A8F}.Release|Any CPU.Build.0 = Release|Any CPU
	EndGlobalSection
	GlobalSection(SolutionProperties) = preSolution
		HideSolutionNode = FALSE
	EndGlobalSection
	GlobalSection(ExtensibilityGlobals) = postSolution
		SolutionGuid = {7A77FCE3-17FD-4C27-B4B6-054C80FCAD33}
	EndGlobalSection
EndGlobal
